
Microsoft Visual Studio Solution File, Format Version 12.00
# Visual Studio Version 16
VisualStudioVersion = 16.0.30907.101
MinimumVisualStudioVersion = 10.0.40219.1
Project("{8BC9CEB8-8B4A-11D0-8D11-00A0C91BC942}") = "fire_test", "fire_test.vcxproj", "{CA31C58D-2F5F-4566-8DB3-F9CABDA2F0ED}"
EndProject
Global
	GlobalSection(SolutionConfigurationPlatforms) = preSolution
		Debug|x64 = Debug|x64
		Debug|x86 = Debug|x86
		Release|x64 = Release|x64
		Release|x86 = Release|x86
	EndGlobalSection
	GlobalSection(ProjectConfigurationPlatforms) = postSolution
		{CA31C58D-2F5F-4566-8DB3-F9CABDA2F0ED}.Debug|x64.ActiveCfg = Debug|x64
		{CA31C58D-2F5F-4566-8DB3-F9CABDA2F0ED}.Debug|x64.Build.0 = Debug|x64
		{CA31C58D-2F5F-4566-8DB3-F9CABDA2F0ED}.Debug|x86.ActiveCfg = Debug|Win32
		{CA31C58D-2F5F-4566-8DB3-F9CABDA2F0ED}.Debug|x86.Build.0 = Debug|Win32
		{CA31C58D-2F5F-4566-8DB3-F9CABDA2F0ED}.Release|x64.ActiveCfg = Release|x64
		{CA31C58D-2F5F-4566-8DB3-F9CABDA2F0ED}.Release|x64.Build.0 = Release|x64
		{CA31C58D-2F5F-4566-8DB3-F9CABDA2F0ED}.Release|x86.ActiveCfg = Release|Win32
		{CA31C58D-2F5F-4566-8DB3-F9CABDA2F0ED}.Release|x86.Build.0 = Release|Win32
	EndGlobalSection
	GlobalSection(SolutionProperties) = preSolution
		HideSolutionNode = FALSE
	EndGlobalSection
	GlobalSection(ExtensibilityGlobals) = postSolution
		SolutionGuid = {CE4FDFAD-E77C-44BE-BED8-9A736BC7DFBD}
	EndGlobalSection
EndGlobal
